// !$*UTF8*$!
{
	archiveVersion = 1;
	classes = {
	};
	objectVersion = 56;
	objects = {

/* Begin PBXBuildFile section */
		B335296029A4C51C00374C4F /* AppDelegate.swift in Sources */ = {isa = PBXBuildFile; fileRef = B335295F29A4C51C00374C4F /* AppDelegate.swift */; };
		B335296229A4C51C00374C4F /* SceneDelegate.swift in Sources */ = {isa = PBXBuildFile; fileRef = B335296129A4C51C00374C4F /* SceneDelegate.swift */; };
		B335296429A4C51C00374C4F /* MainTabbarViewController.swift in Sources */ = {isa = PBXBuildFile; fileRef = B335296329A4C51C00374C4F /* MainTabbarViewController.swift */; };
		B335296929A4C51D00374C4F /* Assets.xcassets in Resources */ = {isa = PBXBuildFile; fileRef = B335296829A4C51D00374C4F /* Assets.xcassets */; };
		B335296C29A4C51D00374C4F /* LaunchScreen.storyboard in Resources */ = {isa = PBXBuildFile; fileRef = B335296A29A4C51D00374C4F /* LaunchScreen.storyboard */; };
		B3712C9B29A4C7E800328F0C /* HomeViewController.swift in Sources */ = {isa = PBXBuildFile; fileRef = B3712C9A29A4C7E800328F0C /* HomeViewController.swift */; };
		B3712C9D29A4C7FF00328F0C /* SearchViewController.swift in Sources */ = {isa = PBXBuildFile; fileRef = B3712C9C29A4C7FF00328F0C /* SearchViewController.swift */; };
		B3712C9F29A4CA5300328F0C /* NotificationViewController.swift in Sources */ = {isa = PBXBuildFile; fileRef = B3712C9E29A4CA5300328F0C /* NotificationViewController.swift */; };
		B3712CA129A4CA7100328F0C /* DirectMessagesViewController.swift in Sources */ = {isa = PBXBuildFile; fileRef = B3712CA029A4CA7100328F0C /* DirectMessagesViewController.swift */; };
		B3712CA329A4D1D900328F0C /* TweetTableViewCell.swift in Sources */ = {isa = PBXBuildFile; fileRef = B3712CA229A4D1D900328F0C /* TweetTableViewCell.swift */; };
		B3EEF33729AA7BF10073E0B6 /* ProfileViewController.swift in Sources */ = {isa = PBXBuildFile; fileRef = B3EEF33629AA7BF10073E0B6 /* ProfileViewController.swift */; };
		B3EEF33929AA881C0073E0B6 /* ProfileTableViewHeader.swift in Sources */ = {isa = PBXBuildFile; fileRef = B3EEF33829AA881C0073E0B6 /* ProfileTableViewHeader.swift */; };
		E4CE0F4077E446E27176FAC3 /* Pods_myTwitter.framework in Frameworks */ = {isa = PBXBuildFile; fileRef = 3A8BAA97BEDE5A233D64AE28 /* Pods_myTwitter.framework */; };
/* End PBXBuildFile section */

/* Begin PBXFileReference section */
		3A8BAA97BEDE5A233D64AE28 /* Pods_myTwitter.framework */ = {isa = PBXFileReference; explicitFileType = wrapper.framework; includeInIndex = 0; path = Pods_myTwitter.framework; sourceTree = BUILT_PRODUCTS_DIR; };
		7553429F4A8C16109E467926 /* Pods-myTwitter.release.xcconfig */ = {isa = PBXFileReference; includeInIndex = 1; lastKnownFileType = text.xcconfig; name = "Pods-myTwitter.release.xcconfig"; path = "Target Support Files/Pods-myTwitter/Pods-myTwitter.release.xcconfig"; sourceTree = "<group>"; };
		84A060C5BA07DFC6DC1DBBD2 /* Pods-myTwitter.debug.xcconfig */ = {isa = PBXFileReference; includeInIndex = 1; lastKnownFileType = text.xcconfig; name = "Pods-myTwitter.debug.xcconfig"; path = "Target Support Files/Pods-myTwitter/Pods-myTwitter.debug.xcconfig"; sourceTree = "<group>"; };
		B335295C29A4C51C00374C4F /* myTwitter.app */ = {isa = PBXFileReference; explicitFileType = wrapper.application; includeInIndex = 0; path = myTwitter.app; sourceTree = BUILT_PRODUCTS_DIR; };
		B335295F29A4C51C00374C4F /* AppDelegate.swift */ = {isa = PBXFileReference; lastKnownFileType = sourcecode.swift; path = AppDelegate.swift; sourceTree = "<group>"; };
		B335296129A4C51C00374C4F /* SceneDelegate.swift */ = {isa = PBXFileReference; lastKnownFileType = sourcecode.swift; path = SceneDelegate.swift; sourceTree = "<group>"; };
		B335296329A4C51C00374C4F /* MainTabbarViewController.swift */ = {isa = PBXFileReference; lastKnownFileType = sourcecode.swift; path = MainTabbarViewController.swift; sourceTree = "<group>"; };
		B335296829A4C51D00374C4F /* Assets.xcassets */ = {isa = PBXFileReference; lastKnownFileType = folder.assetcatalog; path = Assets.xcassets; sourceTree = "<group>"; };
		B335296B29A4C51D00374C4F /* Base */ = {isa = PBXFileReference; lastKnownFileType = file.storyboard; name = Base; path = Base.lproj/LaunchScreen.storyboard; sourceTree = "<group>"; };
		B335296D29A4C51D00374C4F /* Info.plist */ = {isa = PBXFileReference; lastKnownFileType = text.plist.xml; path = Info.plist; sourceTree = "<group>"; };
		B3712C9A29A4C7E800328F0C /* HomeViewController.swift */ = {isa = PBXFileReference; lastKnownFileType = sourcecode.swift; path = HomeViewController.swift; sourceTree = "<group>"; };
		B3712C9C29A4C7FF00328F0C /* SearchViewController.swift */ = {isa = PBXFileReference; lastKnownFileType = sourcecode.swift; path = SearchViewController.swift; sourceTree = "<group>"; };
		B3712C9E29A4CA5300328F0C /* NotificationViewController.swift */ = {isa = PBXFileReference; lastKnownFileType = sourcecode.swift; path = NotificationViewController.swift; sourceTree = "<group>"; };
		B3712CA029A4CA7100328F0C /* DirectMessagesViewController.swift */ = {isa = PBXFileReference; lastKnownFileType = sourcecode.swift; path = DirectMessagesViewController.swift; sourceTree = "<group>"; };
		B3712CA229A4D1D900328F0C /* TweetTableViewCell.swift */ = {isa = PBXFileReference; lastKnownFileType = sourcecode.swift; path = TweetTableViewCell.swift; sourceTree = "<group>"; };
		B3EEF33629AA7BF10073E0B6 /* ProfileViewController.swift */ = {isa = PBXFileReference; lastKnownFileType = sourcecode.swift; path = ProfileViewController.swift; sourceTree = "<group>"; };
		B3EEF33829AA881C0073E0B6 /* ProfileTableViewHeader.swift */ = {isa = PBXFileReference; lastKnownFileType = sourcecode.swift; path = ProfileTableViewHeader.swift; sourceTree = "<group>"; };
/* End PBXFileReference section */

/* Begin PBXFrameworksBuildPhase section */
		B335295929A4C51C00374C4F /* Frameworks */ = {
			isa = PBXFrameworksBuildPhase;
			buildActionMask = 2147483647;
			files = (
				E4CE0F4077E446E27176FAC3 /* Pods_myTwitter.framework in Frameworks */,
			);
			runOnlyForDeploymentPostprocessing = 0;
		};
/* End PBXFrameworksBuildPhase section */

/* Begin PBXGroup section */
		42B41E513EB99BACD9D55329 /* Frameworks */ = {
			isa = PBXGroup;
			children = (
				3A8BAA97BEDE5A233D64AE28 /* Pods_myTwitter.framework */,
			);
			name = Frameworks;
			sourceTree = "<group>";
		};
		858706EB1ADDE81F42C5561E /* Pods */ = {
			isa = PBXGroup;
			children = (
				84A060C5BA07DFC6DC1DBBD2 /* Pods-myTwitter.debug.xcconfig */,
				7553429F4A8C16109E467926 /* Pods-myTwitter.release.xcconfig */,
			);
			path = Pods;
			sourceTree = "<group>";
		};
		B335295329A4C51C00374C4F = {
			isa = PBXGroup;
			children = (
				B335295E29A4C51C00374C4F /* myTwitter */,
				B335295D29A4C51C00374C4F /* Products */,
				858706EB1ADDE81F42C5561E /* Pods */,
				42B41E513EB99BACD9D55329 /* Frameworks */,
			);
			sourceTree = "<group>";
		};
		B335295D29A4C51C00374C4F /* Products */ = {
			isa = PBXGroup;
			children = (
				B335295C29A4C51C00374C4F /* myTwitter.app */,
			);
			name = Products;
			sourceTree = "<group>";
		};
		B335295E29A4C51C00374C4F /* myTwitter */ = {
			isa = PBXGroup;
			children = (
				B3712CA429A4D1E700328F0C /* VViews */,
				B3712C9829A4C79200328F0C /* Controllers */,
				B335295F29A4C51C00374C4F /* AppDelegate.swift */,
				B335296129A4C51C00374C4F /* SceneDelegate.swift */,
				B335296829A4C51D00374C4F /* Assets.xcassets */,
				B335296A29A4C51D00374C4F /* LaunchScreen.storyboard */,
				B335296D29A4C51D00374C4F /* Info.plist */,
			);
			path = myTwitter;
			sourceTree = "<group>";
		};
		B3712C9829A4C79200328F0C /* Controllers */ = {
			isa = PBXGroup;
			children = (
				B3EEF33329AA7B690073E0B6 /* General  */,
				B3712C9929A4C7AA00328F0C /* Coreup */,
			);
			path = Controllers;
			sourceTree = "<group>";
		};
		B3712C9929A4C7AA00328F0C /* Coreup */ = {
			isa = PBXGroup;
			children = (
				B335296329A4C51C00374C4F /* MainTabbarViewController.swift */,
				B3712C9A29A4C7E800328F0C /* HomeViewController.swift */,
				B3712C9C29A4C7FF00328F0C /* SearchViewController.swift */,
				B3712C9E29A4CA5300328F0C /* NotificationViewController.swift */,
				B3712CA029A4CA7100328F0C /* DirectMessagesViewController.swift */,
			);
			path = Coreup;
			sourceTree = "<group>";
		};
		B3712CA429A4D1E700328F0C /* VViews */ = {
			isa = PBXGroup;
			children = (
				B3712CA229A4D1D900328F0C /* TweetTableViewCell.swift */,
				B3EEF33829AA881C0073E0B6 /* ProfileTableViewHeader.swift */,
			);
			path = VViews;
			sourceTree = "<group>";
		};
		B3EEF33329AA7B690073E0B6 /* General  */ = {
			isa = PBXGroup;
			children = (
				B3EEF33629AA7BF10073E0B6 /* ProfileViewController.swift */,
			);
			path = "General ";
			sourceTree = "<group>";
		};
/* End PBXGroup section */

/* Begin PBXNativeTarget section */
		B335295B29A4C51C00374C4F /* myTwitter */ = {
			isa = PBXNativeTarget;
			buildConfigurationList = B335297029A4C51D00374C4F /* Build configuration list for PBXNativeTarget "myTwitter" */;
			buildPhases = (
				9BA3703E4333B7519D6940D6 /* [CP] Check Pods Manifest.lock */,
				B335295829A4C51C00374C4F /* Sources */,
				B335295929A4C51C00374C4F /* Frameworks */,
				B335295A29A4C51C00374C4F /* Resources */,
				C146863C44ACED7E486A0C39 /* [CP] Embed Pods Frameworks */,
			);
			buildRules = (
			);
			dependencies = (
			);
			name = myTwitter;
			productName = myTwitter;
			productReference = B335295C29A4C51C00374C4F /* myTwitter.app */;
			productType = "com.apple.product-type.application";
		};
/* End PBXNativeTarget section */

/* Begin PBXProject section */
		B335295429A4C51C00374C4F /* Project object */ = {
			isa = PBXProject;
			attributes = {
				BuildIndependentTargetsInParallel = 1;
				LastSwiftUpdateCheck = 1420;
				LastUpgradeCheck = 1420;
				TargetAttributes = {
					B335295B29A4C51C00374C4F = {
						CreatedOnToolsVersion = 14.2;
					};
				};
			};
			buildConfigurationList = B335295729A4C51C00374C4F /* Build configuration list for PBXProject "myTwitter" */;
			compatibilityVersion = "Xcode 14.0";
			developmentRegion = en;
			hasScannedForEncodings = 0;
			knownRegions = (
				en,
				Base,
			);
			mainGroup = B335295329A4C51C00374C4F;
			productRefGroup = B335295D29A4C51C00374C4F /* Products */;
			projectDirPath = "";
			projectRoot = "";
			targets = (
				B335295B29A4C51C00374C4F /* myTwitter */,
			);
		};
/* End PBXProject section */

/* Begin PBXResourcesBuildPhase section */
		B335295A29A4C51C00374C4F /* Resources */ = {
			isa = PBXResourcesBuildPhase;
			buildActionMask = 2147483647;
			files = (
				B335296C29A4C51D00374C4F /* LaunchScreen.storyboard in Resources */,
				B335296929A4C51D00374C4F /* Assets.xcassets in Resources */,
			);
			runOnlyForDeploymentPostprocessing = 0;
		};
/* End PBXResourcesBuildPhase section */

/* Begin PBXShellScriptBuildPhase section */
		9BA3703E4333B7519D6940D6 /* [CP] Check Pods Manifest.lock */ = {
			isa = PBXShellScriptBuildPhase;
			buildActionMask = 2147483647;
			files = (
			);
			inputFileListPaths = (
			);
			inputPaths = (
				"${PODS_PODFILE_DIR_PATH}/Podfile.lock",
				"${PODS_ROOT}/Manifest.lock",
			);
			name = "[CP] Check Pods Manifest.lock";
			outputFileListPaths = (
			);
			outputPaths = (
				"$(DERIVED_FILE_DIR)/Pods-myTwitter-checkManifestLockResult.txt",
			);
			runOnlyForDeploymentPostprocessing = 0;
			shellPath = /bin/sh;
			shellScript = "diff \"${PODS_PODFILE_DIR_PATH}/Podfile.lock\" \"${PODS_ROOT}/Manifest.lock\" > /dev/null\nif [ $? != 0 ] ; then\n    # print error to STDERR\n    echo \"error: The sandbox is not in sync with the Podfile.lock. Run 'pod install' or update your CocoaPods installation.\" >&2\n    exit 1\nfi\n# This output is used by Xcode 'outputs' to avoid re-running this script phase.\necho \"SUCCESS\" > \"${SCRIPT_OUTPUT_FILE_0}\"\n";
			showEnvVarsInLog = 0;
		};
		C146863C44ACED7E486A0C39 /* [CP] Embed Pods Frameworks */ = {
			isa = PBXShellScriptBuildPhase;
			buildActionMask = 2147483647;
			files = (
			);
			inputFileListPaths = (
				"${PODS_ROOT}/Target Support Files/Pods-myTwitter/Pods-myTwitter-frameworks-${CONFIGURATION}-input-files.xcfilelist",
			);
			name = "[CP] Embed Pods Frameworks";
			outputFileListPaths = (
				"${PODS_ROOT}/Target Support Files/Pods-myTwitter/Pods-myTwitter-frameworks-${CONFIGURATION}-output-files.xcfilelist",
			);
			runOnlyForDeploymentPostprocessing = 0;
			shellPath = /bin/sh;
			shellScript = "\"${PODS_ROOT}/Target Support Files/Pods-myTwitter/Pods-myTwitter-frameworks.sh\"\n";
			showEnvVarsInLog = 0;
		};
/* End PBXShellScriptBuildPhase section */

/* Begin PBXSourcesBuildPhase section */
		B335295829A4C51C00374C4F /* Sources */ = {
			isa = PBXSourcesBuildPhase;
			buildActionMask = 2147483647;
			files = (
				B3712C9D29A4C7FF00328F0C /* SearchViewController.swift in Sources */,
				B335296429A4C51C00374C4F /* MainTabbarViewController.swift in Sources */,
				B3712C9F29A4CA5300328F0C /* NotificationViewController.swift in Sources */,
				B335296029A4C51C00374C4F /* AppDelegate.swift in Sources */,
				B335296229A4C51C00374C4F /* SceneDelegate.swift in Sources */,
				B3712C9B29A4C7E800328F0C /* HomeViewController.swift in Sources */,
				B3EEF33729AA7BF10073E0B6 /* ProfileViewController.swift in Sources */,
				B3712CA129A4CA7100328F0C /* DirectMessagesViewController.swift in Sources */,
				B3EEF33929AA881C0073E0B6 /* ProfileTableViewHeader.swift in Sources */,
				B3712CA329A4D1D900328F0C /* TweetTableViewCell.swift in Sources */,
			);
			runOnlyForDeploymentPostprocessing = 0;
		};
/* End PBXSourcesBuildPhase section */

/* Begin PBXVariantGroup section */
		B335296A29A4C51D00374C4F /* LaunchScreen.storyboard */ = {
			isa = PBXVariantGroup;
			children = (
				B335296B29A4C51D00374C4F /* Base */,
			);
			name = LaunchScreen.storyboard;
			sourceTree = "<group>";
		};
/* End PBXVariantGroup section */

/* Begin XCBuildConfiguration section */
		B335296E29A4C51D00374C4F /* Debug */ = {
			isa = XCBuildConfiguration;
			buildSettings = {
				ALWAYS_SEARCH_USER_PATHS = NO;
				CLANG_ANALYZER_NONNULL = YES;
				CLANG_ANALYZER_NUMBER_OBJECT_CONVERSION = YES_AGGRESSIVE;
				CLANG_CXX_LANGUAGE_STANDARD = "gnu++20";
				CLANG_ENABLE_MODULES = YES;
				CLANG_ENABLE_OBJC_ARC = YES;
				CLANG_ENABLE_OBJC_WEAK = YES;
				CLANG_WARN_BLOCK_CAPTURE_AUTORELEASING = YES;
				CLANG_WARN_BOOL_CONVERSION = YES;
				CLANG_WARN_COMMA = YES;
				CLANG_WARN_CONSTANT_CONVERSION = YES;
				CLANG_WARN_DEPRECATED_OBJC_IMPLEMENTATIONS = YES;
				CLANG_WARN_DIRECT_OBJC_ISA_USAGE = YES_ERROR;
				CLANG_WARN_DOCUMENTATION_COMMENTS = YES;
				CLANG_WARN_EMPTY_BODY = YES;
				CLANG_WARN_ENUM_CONVERSION = YES;
				CLANG_WARN_INFINITE_RECURSION = YES;
				CLANG_WARN_INT_CONVERSION = YES;
				CLANG_WARN_NON_LITERAL_NULL_CONVERSION = YES;
				CLANG_WARN_OBJC_IMPLICIT_RETAIN_SELF = YES;
				CLANG_WARN_OBJC_LITERAL_CONVERSION = YES;
				CLANG_WARN_OBJC_ROOT_CLASS = YES_ERROR;
				CLANG_WARN_QUOTED_INCLUDE_IN_FRAMEWORK_HEADER = YES;
				CLANG_WARN_RANGE_LOOP_ANALYSIS = YES;
				CLANG_WARN_STRICT_PROTOTYPES = YES;
				CLANG_WARN_SUSPICIOUS_MOVE = YES;
				CLANG_WARN_UNGUARDED_AVAILABILITY = YES_AGGRESSIVE;
				CLANG_WARN_UNREACHABLE_CODE = YES;
				CLANG_WARN__DUPLICATE_METHOD_MATCH = YES;
				COPY_PHASE_STRIP = NO;
				DEBUG_INFORMATION_FORMAT = dwarf;
				ENABLE_STRICT_OBJC_MSGSEND = YES;
				ENABLE_TESTABILITY = YES;
				GCC_C_LANGUAGE_STANDARD = gnu11;
				GCC_DYNAMIC_NO_PIC = NO;
				GCC_NO_COMMON_BLOCKS = YES;
				GCC_OPTIMIZATION_LEVEL = 0;
				GCC_PREPROCESSOR_DEFINITIONS = (
					"DEBUG=1",
					"$(inherited)",
				);
				GCC_WARN_64_TO_32_BIT_CONVERSION = YES;
				GCC_WARN_ABOUT_RETURN_TYPE = YES_ERROR;
				GCC_WARN_UNDECLARED_SELECTOR = YES;
				GCC_WARN_UNINITIALIZED_AUTOS = YES_AGGRESSIVE;
				GCC_WARN_UNUSED_FUNCTION = YES;
				GCC_WARN_UNUSED_VARIABLE = YES;
				IPHONEOS_DEPLOYMENT_TARGET = 16.2;
				MTL_ENABLE_DEBUG_INFO = INCLUDE_SOURCE;
				MTL_FAST_MATH = YES;
				ONLY_ACTIVE_ARCH = YES;
				SDKROOT = iphoneos;
				SWIFT_ACTIVE_COMPILATION_CONDITIONS = DEBUG;
				SWIFT_OPTIMIZATION_LEVEL = "-Onone";
			};
			name = Debug;
		};
		B335296F29A4C51D00374C4F /* Release */ = {
			isa = XCBuildConfiguration;
			buildSettings = {
				ALWAYS_SEARCH_USER_PATHS = NO;
				CLANG_ANALYZER_NONNULL = YES;
				CLANG_ANALYZER_NUMBER_OBJECT_CONVERSION = YES_AGGRESSIVE;
				CLANG_CXX_LANGUAGE_STANDARD = "gnu++20";
				CLANG_ENABLE_MODULES = YES;
				CLANG_ENABLE_OBJC_ARC = YES;
				CLANG_ENABLE_OBJC_WEAK = YES;
				CLANG_WARN_BLOCK_CAPTURE_AUTORELEASING = YES;
				CLANG_WARN_BOOL_CONVERSION = YES;
				CLANG_WARN_COMMA = YES;
				CLANG_WARN_CONSTANT_CONVERSION = YES;
				CLANG_WARN_DEPRECATED_OBJC_IMPLEMENTATIONS = YES;
				CLANG_WARN_DIRECT_OBJC_ISA_USAGE = YES_ERROR;
				CLANG_WARN_DOCUMENTATION_COMMENTS = YES;
				CLANG_WARN_EMPTY_BODY = YES;
				CLANG_WARN_ENUM_CONVERSION = YES;
				CLANG_WARN_INFINITE_RECURSION = YES;
				CLANG_WARN_INT_CONVERSION = YES;
				CLANG_WARN_NON_LITERAL_NULL_CONVERSION = YES;
				CLANG_WARN_OBJC_IMPLICIT_RETAIN_SELF = YES;
				CLANG_WARN_OBJC_LITERAL_CONVERSION = YES;
				CLANG_WARN_OBJC_ROOT_CLASS = YES_ERROR;
				CLANG_WARN_QUOTED_INCLUDE_IN_FRAMEWORK_HEADER = YES;
				CLANG_WARN_RANGE_LOOP_ANALYSIS = YES;
				CLANG_WARN_STRICT_PROTOTYPES = YES;
				CLANG_WARN_SUSPICIOUS_MOVE = YES;
				CLANG_WARN_UNGUARDED_AVAILABILITY = YES_AGGRESSIVE;
				CLANG_WARN_UNREACHABLE_CODE = YES;
				CLANG_WARN__DUPLICATE_METHOD_MATCH = YES;
				COPY_PHASE_STRIP = NO;
				DEBUG_INFORMATION_FORMAT = "dwarf-with-dsym";
				ENABLE_NS_ASSERTIONS = NO;
				ENABLE_STRICT_OBJC_MSGSEND = YES;
				GCC_C_LANGUAGE_STANDARD = gnu11;
				GCC_NO_COMMON_BLOCKS = YES;
				GCC_WARN_64_TO_32_BIT_CONVERSION = YES;
				GCC_WARN_ABOUT_RETURN_TYPE = YES_ERROR;
				GCC_WARN_UNDECLARED_SELECTOR = YES;
				GCC_WARN_UNINITIALIZED_AUTOS = YES_AGGRESSIVE;
				GCC_WARN_UNUSED_FUNCTION = YES;
				GCC_WARN_UNUSED_VARIABLE = YES;
				IPHONEOS_DEPLOYMENT_TARGET = 16.2;
				MTL_ENABLE_DEBUG_INFO = NO;
				MTL_FAST_MATH = YES;
				SDKROOT = iphoneos;
				SWIFT_COMPILATION_MODE = wholemodule;
				SWIFT_OPTIMIZATION_LEVEL = "-O";
				VALIDATE_PRODUCT = YES;
			};
			name = Release;
		};
		B335297129A4C51D00374C4F /* Debug */ = {
			isa = XCBuildConfiguration;
			baseConfigurationReference = 84A060C5BA07DFC6DC1DBBD2 /* Pods-myTwitter.debug.xcconfig */;
			buildSettings = {
				ASSETCATALOG_COMPILER_APPICON_NAME = AppIcon;
				ASSETCATALOG_COMPILER_GLOBAL_ACCENT_COLOR_NAME = AccentColor;
				CODE_SIGN_STYLE = Automatic;
				CURRENT_PROJECT_VERSION = 1;
				GENERATE_INFOPLIST_FILE = YES;
				INFOPLIST_FILE = myTwitter/Info.plist;
				INFOPLIST_KEY_UIApplicationSupportsIndirectInputEvents = YES;
				INFOPLIST_KEY_UILaunchStoryboardName = LaunchScreen;
				INFOPLIST_KEY_UISupportedInterfaceOrientations_iPad = "UIInterfaceOrientationPortrait UIInterfaceOrientationPortraitUpsideDown UIInterfaceOrientationLandscapeLeft UIInterfaceOrientationLandscapeRight";
				INFOPLIST_KEY_UISupportedInterfaceOrientations_iPhone = "UIInterfaceOrientationPortrait UIInterfaceOrientationLandscapeLeft UIInterfaceOrientationLandscapeRight";
				LD_RUNPATH_SEARCH_PATHS = (
					"$(inherited)",
					"@executable_path/Frameworks",
				);
				MARKETING_VERSION = 1.0;
				PRODUCT_BUNDLE_IDENTIFIER = com.saysesh.myTwitter;
				PRODUCT_NAME = "$(TARGET_NAME)";
				SWIFT_EMIT_LOC_STRINGS = YES;
				SWIFT_VERSION = 5.0;
				TARGETED_DEVICE_FAMILY = "1,2";
			};
			name = Debug;
		};
		B335297229A4C51D00374C4F /* Release */ = {
			isa = XCBuildConfiguration;
			baseConfigurationReference = 7553429F4A8C16109E467926 /* Pods-myTwitter.release.xcconfig */;
			buildSettings = {
				ASSETCATALOG_COMPILER_APPICON_NAME = AppIcon;
				ASSETCATALOG_COMPILER_GLOBAL_ACCENT_COLOR_NAME = AccentColor;
				CODE_SIGN_STYLE = Automatic;
				CURRENT_PROJECT_VERSION = 1;
				GENERATE_INFOPLIST_FILE = YES;
				INFOPLIST_FILE = myTwitter/Info.plist;
				INFOPLIST_KEY_UIApplicationSupportsIndirectInputEvents = YES;
				INFOPLIST_KEY_UILaunchStoryboardName = LaunchScreen;
				INFOPLIST_KEY_UISupportedInterfaceOrientations_iPad = "UIInterfaceOrientationPortrait UIInterfaceOrientationPortraitUpsideDown UIInterfaceOrientationLandscapeLeft UIInterfaceOrientationLandscapeRight";
				INFOPLIST_KEY_UISupportedInterfaceOrientations_iPhone = "UIInterfaceOrientationPortrait UIInterfaceOrientationLandscapeLeft UIInterfaceOrientationLandscapeRight";
				LD_RUNPATH_SEARCH_PATHS = (
					"$(inherited)",
					"@executable_path/Frameworks",
				);
				MARKETING_VERSION = 1.0;
				PRODUCT_BUNDLE_IDENTIFIER = com.saysesh.myTwitter;
				PRODUCT_NAME = "$(TARGET_NAME)";
				SWIFT_EMIT_LOC_STRINGS = YES;
				SWIFT_VERSION = 5.0;
				TARGETED_DEVICE_FAMILY = "1,2";
			};
			name = Release;
		};
/* End XCBuildConfiguration section */

/* Begin XCConfigurationList section */
		B335295729A4C51C00374C4F /* Build configuration list for PBXProject "myTwitter" */ = {
			isa = XCConfigurationList;
			buildConfigurations = (
				B335296E29A4C51D00374C4F /* Debug */,
				B335296F29A4C51D00374C4F /* Release */,
			);
			defaultConfigurationIsVisible = 0;
			defaultConfigurationName = Release;
		};
		B335297029A4C51D00374C4F /* Build configuration list for PBXNativeTarget "myTwitter" */ = {
			isa = XCConfigurationList;
			buildConfigurations = (
				B335297129A4C51D00374C4F /* Debug */,
				B335297229A4C51D00374C4F /* Release */,
			);
			defaultConfigurationIsVisible = 0;
			defaultConfigurationName = Release;
		};
/* End XCConfigurationList section */
	};
	rootObject = B335295429A4C51C00374C4F /* Project object */;
}
