// !$*UTF8*$!
{
	archiveVersion = 1;
	classes = {
	};
	objectVersion = 56;
	objects = {

/* Begin PBXBuildFile section */
		A1D80093C2134F90F6E7130E /* Pods_hw10.framework in Frameworks */ = {isa = PBXBuildFile; fileRef = 86F68CF19A5E7B8A22555604 /* Pods_hw10.framework */; };
		B32307EA297E7A0E00E2FEB0 /* File for MyCollView.swift in Sources */ = {isa = PBXBuildFile; fileRef = B32307E9297E7A0E00E2FEB0 /* File for MyCollView.swift */; };
		B32307EC297E972700E2FEB0 /* Photo.swift in Sources */ = {isa = PBXBuildFile; fileRef = B32307EB297E972700E2FEB0 /* Photo.swift */; };
		B3B411DC297D2F7400D4E251 /* AppDelegate.swift in Sources */ = {isa = PBXBuildFile; fileRef = B3B411DB297D2F7400D4E251 /* AppDelegate.swift */; };
		B3B411DE297D2F7400D4E251 /* SceneDelegate.swift in Sources */ = {isa = PBXBuildFile; fileRef = B3B411DD297D2F7400D4E251 /* SceneDelegate.swift */; };
		B3B411E0297D2F7400D4E251 /* ViewController.swift in Sources */ = {isa = PBXBuildFile; fileRef = B3B411DF297D2F7400D4E251 /* ViewController.swift */; };
		B3B411E5297D2F7400D4E251 /* Assets.xcassets in Resources */ = {isa = PBXBuildFile; fileRef = B3B411E4297D2F7400D4E251 /* Assets.xcassets */; };
		B3B411E8297D2F7400D4E251 /* LaunchScreen.storyboard in Resources */ = {isa = PBXBuildFile; fileRef = B3B411E6297D2F7400D4E251 /* LaunchScreen.storyboard */; };
		B3D88F38297D827500B577AC /* MyCollectionViewCell.swift in Sources */ = {isa = PBXBuildFile; fileRef = B3D88F37297D827500B577AC /* MyCollectionViewCell.swift */; };
		B3D88F3E297E5CF100B577AC /* MySecondCollectionViewCell.swift in Sources */ = {isa = PBXBuildFile; fileRef = B3D88F3D297E5CF100B577AC /* MySecondCollectionViewCell.swift */; };
/* End PBXBuildFile section */

/* Begin PBXFileReference section */
		581297A3F8C43538AEDB3CE0 /* Pods-hw10.release.xcconfig */ = {isa = PBXFileReference; includeInIndex = 1; lastKnownFileType = text.xcconfig; name = "Pods-hw10.release.xcconfig"; path = "Target Support Files/Pods-hw10/Pods-hw10.release.xcconfig"; sourceTree = "<group>"; };
		86F68CF19A5E7B8A22555604 /* Pods_hw10.framework */ = {isa = PBXFileReference; explicitFileType = wrapper.framework; includeInIndex = 0; path = Pods_hw10.framework; sourceTree = BUILT_PRODUCTS_DIR; };
		B32307E9297E7A0E00E2FEB0 /* File for MyCollView.swift */ = {isa = PBXFileReference; lastKnownFileType = sourcecode.swift; path = "File for MyCollView.swift"; sourceTree = "<group>"; };
		B32307EB297E972700E2FEB0 /* Photo.swift */ = {isa = PBXFileReference; lastKnownFileType = sourcecode.swift; path = Photo.swift; sourceTree = "<group>"; };
		B3B411D8297D2F7400D4E251 /* hw10.app */ = {isa = PBXFileReference; explicitFileType = wrapper.application; includeInIndex = 0; path = hw10.app; sourceTree = BUILT_PRODUCTS_DIR; };
		B3B411DB297D2F7400D4E251 /* AppDelegate.swift */ = {isa = PBXFileReference; lastKnownFileType = sourcecode.swift; path = AppDelegate.swift; sourceTree = "<group>"; };
		B3B411DD297D2F7400D4E251 /* SceneDelegate.swift */ = {isa = PBXFileReference; lastKnownFileType = sourcecode.swift; path = SceneDelegate.swift; sourceTree = "<group>"; };
		B3B411DF297D2F7400D4E251 /* ViewController.swift */ = {isa = PBXFileReference; lastKnownFileType = sourcecode.swift; path = ViewController.swift; sourceTree = "<group>"; };
		B3B411E4297D2F7400D4E251 /* Assets.xcassets */ = {isa = PBXFileReference; lastKnownFileType = folder.assetcatalog; path = Assets.xcassets; sourceTree = "<group>"; };
		B3B411E7297D2F7400D4E251 /* Base */ = {isa = PBXFileReference; lastKnownFileType = file.storyboard; name = Base; path = Base.lproj/LaunchScreen.storyboard; sourceTree = "<group>"; };
		B3B411E9297D2F7400D4E251 /* Info.plist */ = {isa = PBXFileReference; lastKnownFileType = text.plist.xml; path = Info.plist; sourceTree = "<group>"; };
		B3D88F37297D827500B577AC /* MyCollectionViewCell.swift */ = {isa = PBXFileReference; lastKnownFileType = sourcecode.swift; path = MyCollectionViewCell.swift; sourceTree = "<group>"; };
		B3D88F3D297E5CF100B577AC /* MySecondCollectionViewCell.swift */ = {isa = PBXFileReference; lastKnownFileType = sourcecode.swift; path = MySecondCollectionViewCell.swift; sourceTree = "<group>"; };
		C65F8C65B202255EC566AF3A /* Pods-hw10.debug.xcconfig */ = {isa = PBXFileReference; includeInIndex = 1; lastKnownFileType = text.xcconfig; name = "Pods-hw10.debug.xcconfig"; path = "Target Support Files/Pods-hw10/Pods-hw10.debug.xcconfig"; sourceTree = "<group>"; };
/* End PBXFileReference section */

/* Begin PBXFrameworksBuildPhase section */
		B3B411D5297D2F7300D4E251 /* Frameworks */ = {
			isa = PBXFrameworksBuildPhase;
			buildActionMask = 2147483647;
			files = (
				A1D80093C2134F90F6E7130E /* Pods_hw10.framework in Frameworks */,
			);
			runOnlyForDeploymentPostprocessing = 0;
		};
/* End PBXFrameworksBuildPhase section */

/* Begin PBXGroup section */
		87AE8685F63715F3FC496D77 /* Pods */ = {
			isa = PBXGroup;
			children = (
				C65F8C65B202255EC566AF3A /* Pods-hw10.debug.xcconfig */,
				581297A3F8C43538AEDB3CE0 /* Pods-hw10.release.xcconfig */,
			);
			path = Pods;
			sourceTree = "<group>";
		};
		B1233986C565A0E9738A88D1 /* Frameworks */ = {
			isa = PBXGroup;
			children = (
				86F68CF19A5E7B8A22555604 /* Pods_hw10.framework */,
			);
			name = Frameworks;
			sourceTree = "<group>";
		};
		B3B411CF297D2F7300D4E251 = {
			isa = PBXGroup;
			children = (
				B3B411DA297D2F7400D4E251 /* hw10 */,
				B3B411D9297D2F7400D4E251 /* Products */,
				87AE8685F63715F3FC496D77 /* Pods */,
				B1233986C565A0E9738A88D1 /* Frameworks */,
			);
			sourceTree = "<group>";
		};
		B3B411D9297D2F7400D4E251 /* Products */ = {
			isa = PBXGroup;
			children = (
				B3B411D8297D2F7400D4E251 /* hw10.app */,
			);
			name = Products;
			sourceTree = "<group>";
		};
		B3B411DA297D2F7400D4E251 /* hw10 */ = {
			isa = PBXGroup;
			children = (
				B3B411DB297D2F7400D4E251 /* AppDelegate.swift */,
				B3B411DD297D2F7400D4E251 /* SceneDelegate.swift */,
				B3B411DF297D2F7400D4E251 /* ViewController.swift */,
				B3B411E4297D2F7400D4E251 /* Assets.xcassets */,
				B3B411E6297D2F7400D4E251 /* LaunchScreen.storyboard */,
				B3B411E9297D2F7400D4E251 /* Info.plist */,
				B3D88F37297D827500B577AC /* MyCollectionViewCell.swift */,
				B3D88F3D297E5CF100B577AC /* MySecondCollectionViewCell.swift */,
				B32307E9297E7A0E00E2FEB0 /* File for MyCollView.swift */,
				B32307EB297E972700E2FEB0 /* Photo.swift */,
			);
			path = hw10;
			sourceTree = "<group>";
		};
/* End PBXGroup section */

/* Begin PBXNativeTarget section */
		B3B411D7297D2F7300D4E251 /* hw10 */ = {
			isa = PBXNativeTarget;
			buildConfigurationList = B3B411EC297D2F7400D4E251 /* Build configuration list for PBXNativeTarget "hw10" */;
			buildPhases = (
				C3B8F5329558D92636479CFC /* [CP] Check Pods Manifest.lock */,
				B3B411D4297D2F7300D4E251 /* Sources */,
				B3B411D5297D2F7300D4E251 /* Frameworks */,
				B3B411D6297D2F7300D4E251 /* Resources */,
				725B8E336A9F1073FB2E62CD /* [CP] Embed Pods Frameworks */,
			);
			buildRules = (
			);
			dependencies = (
			);
			name = hw10;
			productName = hw10;
			productReference = B3B411D8297D2F7400D4E251 /* hw10.app */;
			productType = "com.apple.product-type.application";
		};
/* End PBXNativeTarget section */

/* Begin PBXProject section */
		B3B411D0297D2F7300D4E251 /* Project object */ = {
			isa = PBXProject;
			attributes = {
				BuildIndependentTargetsInParallel = 1;
				LastSwiftUpdateCheck = 1420;
				LastUpgradeCheck = 1420;
				TargetAttributes = {
					B3B411D7297D2F7300D4E251 = {
						CreatedOnToolsVersion = 14.2;
					};
				};
			};
			buildConfigurationList = B3B411D3297D2F7300D4E251 /* Build configuration list for PBXProject "hw10" */;
			compatibilityVersion = "Xcode 14.0";
			developmentRegion = en;
			hasScannedForEncodings = 0;
			knownRegions = (
				en,
				Base,
			);
			mainGroup = B3B411CF297D2F7300D4E251;
			productRefGroup = B3B411D9297D2F7400D4E251 /* Products */;
			projectDirPath = "";
			projectRoot = "";
			targets = (
				B3B411D7297D2F7300D4E251 /* hw10 */,
			);
		};
/* End PBXProject section */

/* Begin PBXResourcesBuildPhase section */
		B3B411D6297D2F7300D4E251 /* Resources */ = {
			isa = PBXResourcesBuildPhase;
			buildActionMask = 2147483647;
			files = (
				B3B411E8297D2F7400D4E251 /* LaunchScreen.storyboard in Resources */,
				B3B411E5297D2F7400D4E251 /* Assets.xcassets in Resources */,
			);
			runOnlyForDeploymentPostprocessing = 0;
		};
/* End PBXResourcesBuildPhase section */

/* Begin PBXShellScriptBuildPhase section */
		725B8E336A9F1073FB2E62CD /* [CP] Embed Pods Frameworks */ = {
			isa = PBXShellScriptBuildPhase;
			buildActionMask = 2147483647;
			files = (
			);
			inputFileListPaths = (
				"${PODS_ROOT}/Target Support Files/Pods-hw10/Pods-hw10-frameworks-${CONFIGURATION}-input-files.xcfilelist",
			);
			name = "[CP] Embed Pods Frameworks";
			outputFileListPaths = (
				"${PODS_ROOT}/Target Support Files/Pods-hw10/Pods-hw10-frameworks-${CONFIGURATION}-output-files.xcfilelist",
			);
			runOnlyForDeploymentPostprocessing = 0;
			shellPath = /bin/sh;
			shellScript = "\"${PODS_ROOT}/Target Support Files/Pods-hw10/Pods-hw10-frameworks.sh\"\n";
			showEnvVarsInLog = 0;
		};
		C3B8F5329558D92636479CFC /* [CP] Check Pods Manifest.lock */ = {
			isa = PBXShellScriptBuildPhase;
			buildActionMask = 2147483647;
			files = (
			);
			inputFileListPaths = (
			);
			inputPaths = (
				"${PODS_PODFILE_DIR_PATH}/Podfile.lock",
				"${PODS_ROOT}/Manifest.lock",
			);
			name = "[CP] Check Pods Manifest.lock";
			outputFileListPaths = (
			);
			outputPaths = (
				"$(DERIVED_FILE_DIR)/Pods-hw10-checkManifestLockResult.txt",
			);
			runOnlyForDeploymentPostprocessing = 0;
			shellPath = /bin/sh;
			shellScript = "diff \"${PODS_PODFILE_DIR_PATH}/Podfile.lock\" \"${PODS_ROOT}/Manifest.lock\" > /dev/null\nif [ $? != 0 ] ; then\n    # print error to STDERR\n    echo \"error: The sandbox is not in sync with the Podfile.lock. Run 'pod install' or update your CocoaPods installation.\" >&2\n    exit 1\nfi\n# This output is used by Xcode 'outputs' to avoid re-running this script phase.\necho \"SUCCESS\" > \"${SCRIPT_OUTPUT_FILE_0}\"\n";
			showEnvVarsInLog = 0;
		};
/* End PBXShellScriptBuildPhase section */

/* Begin PBXSourcesBuildPhase section */
		B3B411D4297D2F7300D4E251 /* Sources */ = {
			isa = PBXSourcesBuildPhase;
			buildActionMask = 2147483647;
			files = (
				B32307EC297E972700E2FEB0 /* Photo.swift in Sources */,
				B32307EA297E7A0E00E2FEB0 /* File for MyCollView.swift in Sources */,
				B3B411E0297D2F7400D4E251 /* ViewController.swift in Sources */,
				B3B411DC297D2F7400D4E251 /* AppDelegate.swift in Sources */,
				B3D88F38297D827500B577AC /* MyCollectionViewCell.swift in Sources */,
				B3B411DE297D2F7400D4E251 /* SceneDelegate.swift in Sources */,
				B3D88F3E297E5CF100B577AC /* MySecondCollectionViewCell.swift in Sources */,
			);
			runOnlyForDeploymentPostprocessing = 0;
		};
/* End PBXSourcesBuildPhase section */

/* Begin PBXVariantGroup section */
		B3B411E6297D2F7400D4E251 /* LaunchScreen.storyboard */ = {
			isa = PBXVariantGroup;
			children = (
				B3B411E7297D2F7400D4E251 /* Base */,
			);
			name = LaunchScreen.storyboard;
			sourceTree = "<group>";
		};
/* End PBXVariantGroup section */

/* Begin XCBuildConfiguration section */
		B3B411EA297D2F7400D4E251 /* Debug */ = {
			isa = XCBuildConfiguration;
			buildSettings = {
				ALWAYS_SEARCH_USER_PATHS = NO;
				CLANG_ANALYZER_NONNULL = YES;
				CLANG_ANALYZER_NUMBER_OBJECT_CONVERSION = YES_AGGRESSIVE;
				CLANG_CXX_LANGUAGE_STANDARD = "gnu++20";
				CLANG_ENABLE_MODULES = YES;
				CLANG_ENABLE_OBJC_ARC = YES;
				CLANG_ENABLE_OBJC_WEAK = YES;
				CLANG_WARN_BLOCK_CAPTURE_AUTORELEASING = YES;
				CLANG_WARN_BOOL_CONVERSION = YES;
				CLANG_WARN_COMMA = YES;
				CLANG_WARN_CONSTANT_CONVERSION = YES;
				CLANG_WARN_DEPRECATED_OBJC_IMPLEMENTATIONS = YES;
				CLANG_WARN_DIRECT_OBJC_ISA_USAGE = YES_ERROR;
				CLANG_WARN_DOCUMENTATION_COMMENTS = YES;
				CLANG_WARN_EMPTY_BODY = YES;
				CLANG_WARN_ENUM_CONVERSION = YES;
				CLANG_WARN_INFINITE_RECURSION = YES;
				CLANG_WARN_INT_CONVERSION = YES;
				CLANG_WARN_NON_LITERAL_NULL_CONVERSION = YES;
				CLANG_WARN_OBJC_IMPLICIT_RETAIN_SELF = YES;
				CLANG_WARN_OBJC_LITERAL_CONVERSION = YES;
				CLANG_WARN_OBJC_ROOT_CLASS = YES_ERROR;
				CLANG_WARN_QUOTED_INCLUDE_IN_FRAMEWORK_HEADER = YES;
				CLANG_WARN_RANGE_LOOP_ANALYSIS = YES;
				CLANG_WARN_STRICT_PROTOTYPES = YES;
				CLANG_WARN_SUSPICIOUS_MOVE = YES;
				CLANG_WARN_UNGUARDED_AVAILABILITY = YES_AGGRESSIVE;
				CLANG_WARN_UNREACHABLE_CODE = YES;
				CLANG_WARN__DUPLICATE_METHOD_MATCH = YES;
				COPY_PHASE_STRIP = NO;
				DEBUG_INFORMATION_FORMAT = dwarf;
				ENABLE_STRICT_OBJC_MSGSEND = YES;
				ENABLE_TESTABILITY = YES;
				GCC_C_LANGUAGE_STANDARD = gnu11;
				GCC_DYNAMIC_NO_PIC = NO;
				GCC_NO_COMMON_BLOCKS = YES;
				GCC_OPTIMIZATION_LEVEL = 0;
				GCC_PREPROCESSOR_DEFINITIONS = (
					"DEBUG=1",
					"$(inherited)",
				);
				GCC_WARN_64_TO_32_BIT_CONVERSION = YES;
				GCC_WARN_ABOUT_RETURN_TYPE = YES_ERROR;
				GCC_WARN_UNDECLARED_SELECTOR = YES;
				GCC_WARN_UNINITIALIZED_AUTOS = YES_AGGRESSIVE;
				GCC_WARN_UNUSED_FUNCTION = YES;
				GCC_WARN_UNUSED_VARIABLE = YES;
				IPHONEOS_DEPLOYMENT_TARGET = 16.2;
				MTL_ENABLE_DEBUG_INFO = INCLUDE_SOURCE;
				MTL_FAST_MATH = YES;
				ONLY_ACTIVE_ARCH = YES;
				SDKROOT = iphoneos;
				SWIFT_ACTIVE_COMPILATION_CONDITIONS = DEBUG;
				SWIFT_OPTIMIZATION_LEVEL = "-Onone";
			};
			name = Debug;
		};
		B3B411EB297D2F7400D4E251 /* Release */ = {
			isa = XCBuildConfiguration;
			buildSettings = {
				ALWAYS_SEARCH_USER_PATHS = NO;
				CLANG_ANALYZER_NONNULL = YES;
				CLANG_ANALYZER_NUMBER_OBJECT_CONVERSION = YES_AGGRESSIVE;
				CLANG_CXX_LANGUAGE_STANDARD = "gnu++20";
				CLANG_ENABLE_MODULES = YES;
				CLANG_ENABLE_OBJC_ARC = YES;
				CLANG_ENABLE_OBJC_WEAK = YES;
				CLANG_WARN_BLOCK_CAPTURE_AUTORELEASING = YES;
				CLANG_WARN_BOOL_CONVERSION = YES;
				CLANG_WARN_COMMA = YES;
				CLANG_WARN_CONSTANT_CONVERSION = YES;
				CLANG_WARN_DEPRECATED_OBJC_IMPLEMENTATIONS = YES;
				CLANG_WARN_DIRECT_OBJC_ISA_USAGE = YES_ERROR;
				CLANG_WARN_DOCUMENTATION_COMMENTS = YES;
				CLANG_WARN_EMPTY_BODY = YES;
				CLANG_WARN_ENUM_CONVERSION = YES;
				CLANG_WARN_INFINITE_RECURSION = YES;
				CLANG_WARN_INT_CONVERSION = YES;
				CLANG_WARN_NON_LITERAL_NULL_CONVERSION = YES;
				CLANG_WARN_OBJC_IMPLICIT_RETAIN_SELF = YES;
				CLANG_WARN_OBJC_LITERAL_CONVERSION = YES;
				CLANG_WARN_OBJC_ROOT_CLASS = YES_ERROR;
				CLANG_WARN_QUOTED_INCLUDE_IN_FRAMEWORK_HEADER = YES;
				CLANG_WARN_RANGE_LOOP_ANALYSIS = YES;
				CLANG_WARN_STRICT_PROTOTYPES = YES;
				CLANG_WARN_SUSPICIOUS_MOVE = YES;
				CLANG_WARN_UNGUARDED_AVAILABILITY = YES_AGGRESSIVE;
				CLANG_WARN_UNREACHABLE_CODE = YES;
				CLANG_WARN__DUPLICATE_METHOD_MATCH = YES;
				COPY_PHASE_STRIP = NO;
				DEBUG_INFORMATION_FORMAT = "dwarf-with-dsym";
				ENABLE_NS_ASSERTIONS = NO;
				ENABLE_STRICT_OBJC_MSGSEND = YES;
				GCC_C_LANGUAGE_STANDARD = gnu11;
				GCC_NO_COMMON_BLOCKS = YES;
				GCC_WARN_64_TO_32_BIT_CONVERSION = YES;
				GCC_WARN_ABOUT_RETURN_TYPE = YES_ERROR;
				GCC_WARN_UNDECLARED_SELECTOR = YES;
				GCC_WARN_UNINITIALIZED_AUTOS = YES_AGGRESSIVE;
				GCC_WARN_UNUSED_FUNCTION = YES;
				GCC_WARN_UNUSED_VARIABLE = YES;
				IPHONEOS_DEPLOYMENT_TARGET = 16.2;
				MTL_ENABLE_DEBUG_INFO = NO;
				MTL_FAST_MATH = YES;
				SDKROOT = iphoneos;
				SWIFT_COMPILATION_MODE = wholemodule;
				SWIFT_OPTIMIZATION_LEVEL = "-O";
				VALIDATE_PRODUCT = YES;
			};
			name = Release;
		};
		B3B411ED297D2F7400D4E251 /* Debug */ = {
			isa = XCBuildConfiguration;
			baseConfigurationReference = C65F8C65B202255EC566AF3A /* Pods-hw10.debug.xcconfig */;
			buildSettings = {
				ASSETCATALOG_COMPILER_APPICON_NAME = AppIcon;
				ASSETCATALOG_COMPILER_GLOBAL_ACCENT_COLOR_NAME = AccentColor;
				CODE_SIGN_STYLE = Automatic;
				CURRENT_PROJECT_VERSION = 1;
				GENERATE_INFOPLIST_FILE = YES;
				INFOPLIST_FILE = hw10/Info.plist;
				INFOPLIST_KEY_UIApplicationSupportsIndirectInputEvents = YES;
				INFOPLIST_KEY_UILaunchStoryboardName = LaunchScreen;
				INFOPLIST_KEY_UISupportedInterfaceOrientations_iPad = "UIInterfaceOrientationPortrait UIInterfaceOrientationPortraitUpsideDown UIInterfaceOrientationLandscapeLeft UIInterfaceOrientationLandscapeRight";
				INFOPLIST_KEY_UISupportedInterfaceOrientations_iPhone = "UIInterfaceOrientationPortrait UIInterfaceOrientationLandscapeLeft UIInterfaceOrientationLandscapeRight";
				LD_RUNPATH_SEARCH_PATHS = (
					"$(inherited)",
					"@executable_path/Frameworks",
				);
				MARKETING_VERSION = 1.0;
				PRODUCT_BUNDLE_IDENTIFIER = com.saysesh.hw10;
				PRODUCT_NAME = "$(TARGET_NAME)";
				SWIFT_EMIT_LOC_STRINGS = YES;
				SWIFT_VERSION = 5.0;
				TARGETED_DEVICE_FAMILY = "1,2";
			};
			name = Debug;
		};
		B3B411EE297D2F7400D4E251 /* Release */ = {
			isa = XCBuildConfiguration;
			baseConfigurationReference = 581297A3F8C43538AEDB3CE0 /* Pods-hw10.release.xcconfig */;
			buildSettings = {
				ASSETCATALOG_COMPILER_APPICON_NAME = AppIcon;
				ASSETCATALOG_COMPILER_GLOBAL_ACCENT_COLOR_NAME = AccentColor;
				CODE_SIGN_STYLE = Automatic;
				CURRENT_PROJECT_VERSION = 1;
				GENERATE_INFOPLIST_FILE = YES;
				INFOPLIST_FILE = hw10/Info.plist;
				INFOPLIST_KEY_UIApplicationSupportsIndirectInputEvents = YES;
				INFOPLIST_KEY_UILaunchStoryboardName = LaunchScreen;
				INFOPLIST_KEY_UISupportedInterfaceOrientations_iPad = "UIInterfaceOrientationPortrait UIInterfaceOrientationPortraitUpsideDown UIInterfaceOrientationLandscapeLeft UIInterfaceOrientationLandscapeRight";
				INFOPLIST_KEY_UISupportedInterfaceOrientations_iPhone = "UIInterfaceOrientationPortrait UIInterfaceOrientationLandscapeLeft UIInterfaceOrientationLandscapeRight";
				LD_RUNPATH_SEARCH_PATHS = (
					"$(inherited)",
					"@executable_path/Frameworks",
				);
				MARKETING_VERSION = 1.0;
				PRODUCT_BUNDLE_IDENTIFIER = com.saysesh.hw10;
				PRODUCT_NAME = "$(TARGET_NAME)";
				SWIFT_EMIT_LOC_STRINGS = YES;
				SWIFT_VERSION = 5.0;
				TARGETED_DEVICE_FAMILY = "1,2";
			};
			name = Release;
		};
/* End XCBuildConfiguration section */

/* Begin XCConfigurationList section */
		B3B411D3297D2F7300D4E251 /* Build configuration list for PBXProject "hw10" */ = {
			isa = XCConfigurationList;
			buildConfigurations = (
				B3B411EA297D2F7400D4E251 /* Debug */,
				B3B411EB297D2F7400D4E251 /* Release */,
			);
			defaultConfigurationIsVisible = 0;
			defaultConfigurationName = Release;
		};
		B3B411EC297D2F7400D4E251 /* Build configuration list for PBXNativeTarget "hw10" */ = {
			isa = XCConfigurationList;
			buildConfigurations = (
				B3B411ED297D2F7400D4E251 /* Debug */,
				B3B411EE297D2F7400D4E251 /* Release */,
			);
			defaultConfigurationIsVisible = 0;
			defaultConfigurationName = Release;
		};
/* End XCConfigurationList section */
	};
	rootObject = B3B411D0297D2F7300D4E251 /* Project object */;
}
